
Microsoft Visual Studio Solution File, Format Version 12.00
# Visual Studio Version 16
VisualStudioVersion = 16.0.30907.101
MinimumVisualStudioVersion = 10.0.40219.1
Project("{FAE04EC0-301F-11D3-BF4B-00C04F79EFBC}") = "TiledMapEditor", "TiledMapEditor\TiledMapEditor.csproj", "{8460E560-AEB9-4D53-8D36-B55C35139114}"
EndProject
Global
	GlobalSection(SolutionConfigurationPlatforms) = preSolution
		Debug|Any CPU = Debug|Any CPU
		Release|Any CPU = Release|Any CPU
	EndGlobalSection
	GlobalSection(ProjectConfigurationPlatforms) = postSolution
		{8460E560-AEB9-4D53-8D36-B55C35139114}.Debug|Any CPU.ActiveCfg = Debug|Any CPU
		{8460E560-AEB9-4D53-8D36-B55C35139114}.Debug|Any CPU.Build.0 = Debug|Any CPU
		{8460E560-AEB9-4D53-8D36-B55C35139114}.Release|Any CPU.ActiveCfg = Release|Any CPU
		{8460E560-AEB9-4D53-8D36-B55C35139114}.Release|Any CPU.Build.0 = Release|Any CPU
	EndGlobalSection
	GlobalSection(SolutionProperties) = preSolution
		HideSolutionNode = FALSE
	EndGlobalSection
	GlobalSection(ExtensibilityGlobals) = postSolution
		SolutionGuid = {C5460246-19F0-4C26-8CA5-4048B63F8A86}
	EndGlobalSection
EndGlobal
